
Microsoft Visual Studio Solution File, Format Version 12.00
# Visual Studio Version 17
VisualStudioVersion = 17.8.34309.116
MinimumVisualStudioVersion = 10.0.40219.1
Project("{FAE04EC0-301F-11D3-BF4B-00C04F79EFBC}") = "AntesBE", "AntesBE.csproj", "{972A556B-111A-4B4A-85E4-9EEB1AB67173}"
EndProject
Global
	GlobalSection(SolutionConfigurationPlatforms) = preSolution
		Debug|Any CPU = Debug|Any CPU
		Release|Any CPU = Release|Any CPU
	EndGlobalSection
	GlobalSection(ProjectConfigurationPlatforms) = postSolution
		{972A556B-111A-4B4A-85E4-9EEB1AB67173}.Debug|Any CPU.ActiveCfg = Debug|Any CPU
		{972A556B-111A-4B4A-85E4-9EEB1AB67173}.Debug|Any CPU.Build.0 = Debug|Any CPU
		{972A556B-111A-4B4A-85E4-9EEB1AB67173}.Release|Any CPU.ActiveCfg = Release|Any CPU
		{972A556B-111A-4B4A-85E4-9EEB1AB67173}.Release|Any CPU.Build.0 = Release|Any CPU
	EndGlobalSection
	GlobalSection(SolutionProperties) = preSolution
		HideSolutionNode = FALSE
	EndGlobalSection
	GlobalSection(ExtensibilityGlobals) = postSolution
		SolutionGuid = {7EBFDC8F-4FFD-49C9-AFE1-725C48263B37}
	EndGlobalSection
EndGlobal
